
Microsoft Visual Studio Solution File, Format Version 12.00
# Visual Studio Version 17
VisualStudioVersion = 17.11.35222.181
MinimumVisualStudioVersion = 10.0.40219.1
Project("{9A19103F-16F7-4668-BE54-9A1E7A4F7556}") = "ClinicService", "ClinicService\ClinicService.csproj", "{0BC68897-DEC9-4938-B8C2-C2E552E822A5}"
EndProject
Project("{FAE04EC0-301F-11D3-BF4B-00C04F79EFBC}") = "ClinicDesctop", "ClinicDesctop\ClinicDesctop.csproj", "{48C439ED-C24B-428F-806A-445761CD27C2}"
EndProject
Project("{FAE04EC0-301F-11D3-BF4B-00C04F79EFBC}") = "ClinicDesctop.Data", "ClinicDesctop.Data\ClinicDesctop.Data.csproj", "{FFC3D794-0B84-404E-AC97-43B27E155FD7}"
EndProject
Global
	GlobalSection(SolutionConfigurationPlatforms) = preSolution
		Debug|Any CPU = Debug|Any CPU
		Release|Any CPU = Release|Any CPU
	EndGlobalSection
	GlobalSection(ProjectConfigurationPlatforms) = postSolution
		{0BC68897-DEC9-4938-B8C2-C2E552E822A5}.Debug|Any CPU.ActiveCfg = Debug|Any CPU
		{0BC68897-DEC9-4938-B8C2-C2E552E822A5}.Debug|Any CPU.Build.0 = Debug|Any CPU
		{0BC68897-DEC9-4938-B8C2-C2E552E822A5}.Release|Any CPU.ActiveCfg = Release|Any CPU
		{0BC68897-DEC9-4938-B8C2-C2E552E822A5}.Release|Any CPU.Build.0 = Release|Any CPU
		{48C439ED-C24B-428F-806A-445761CD27C2}.Debug|Any CPU.ActiveCfg = Debug|Any CPU
		{48C439ED-C24B-428F-806A-445761CD27C2}.Debug|Any CPU.Build.0 = Debug|Any CPU
		{48C439ED-C24B-428F-806A-445761CD27C2}.Release|Any CPU.ActiveCfg = Release|Any CPU
		{48C439ED-C24B-428F-806A-445761CD27C2}.Release|Any CPU.Build.0 = Release|Any CPU
		{FFC3D794-0B84-404E-AC97-43B27E155FD7}.Debug|Any CPU.ActiveCfg = Debug|Any CPU
		{FFC3D794-0B84-404E-AC97-43B27E155FD7}.Debug|Any CPU.Build.0 = Debug|Any CPU
		{FFC3D794-0B84-404E-AC97-43B27E155FD7}.Release|Any CPU.ActiveCfg = Release|Any CPU
		{FFC3D794-0B84-404E-AC97-43B27E155FD7}.Release|Any CPU.Build.0 = Release|Any CPU
	EndGlobalSection
	GlobalSection(SolutionProperties) = preSolution
		HideSolutionNode = FALSE
	EndGlobalSection
	GlobalSection(ExtensibilityGlobals) = postSolution
		SolutionGuid = {8D488D2A-7697-4F09-9C2B-95A22C3CE87D}
	EndGlobalSection
EndGlobal
